
Microsoft Visual Studio Solution File, Format Version 12.00
# Visual Studio Version 17
VisualStudioVersion = 17.12.35707.178
MinimumVisualStudioVersion = 10.0.40219.1
Project("{FAE04EC0-301F-11D3-BF4B-00C04F79EFBC}") = "Arrays", "Arrays\Arrays.csproj", "{EDB7B37C-683F-424E-95DA-EC4FEB62808B}"
EndProject
Project("{FAE04EC0-301F-11D3-BF4B-00C04F79EFBC}") = "Hashtables", "Hashtables\Hashtables.csproj", "{FA7509F7-04DF-45D8-9918-8B8D34A6B587}"
EndProject
Project("{FAE04EC0-301F-11D3-BF4B-00C04F79EFBC}") = "Lists", "LinkedLists\Lists.csproj", "{9449E4C7-65E4-4D94-8546-A4270CFD9757}"
EndProject
Project("{FAE04EC0-301F-11D3-BF4B-00C04F79EFBC}") = "Stacks&Queues", "Stacks&Queues\Stacks&Queues.csproj", "{44FA9057-BEF6-450C-8519-0C35AC6D797D}"
EndProject
Project("{FAE04EC0-301F-11D3-BF4B-00C04F79EFBC}") = "Trees", "Trees\Trees.csproj", "{4D86A7A0-838A-4448-AA04-731F4E2D111C}"
EndProject
Project("{FAE04EC0-301F-11D3-BF4B-00C04F79EFBC}") = "Graphs", "Graphs\Graphs.csproj", "{26A37BB7-A6E3-4342-9E8E-5C31A4822AEC}"
EndProject
Project("{FAE04EC0-301F-11D3-BF4B-00C04F79EFBC}") = "Recursion", "Recursion\Recursion.csproj", "{3B8F0D61-2A3C-452C-96B2-AD2DFB221691}"
EndProject
Global
	GlobalSection(SolutionConfigurationPlatforms) = preSolution
		Debug|Any CPU = Debug|Any CPU
		Release|Any CPU = Release|Any CPU
	EndGlobalSection
	GlobalSection(ProjectConfigurationPlatforms) = postSolution
		{EDB7B37C-683F-424E-95DA-EC4FEB62808B}.Debug|Any CPU.ActiveCfg = Debug|Any CPU
		{EDB7B37C-683F-424E-95DA-EC4FEB62808B}.Debug|Any CPU.Build.0 = Debug|Any CPU
		{EDB7B37C-683F-424E-95DA-EC4FEB62808B}.Release|Any CPU.ActiveCfg = Release|Any CPU
		{EDB7B37C-683F-424E-95DA-EC4FEB62808B}.Release|Any CPU.Build.0 = Release|Any CPU
		{FA7509F7-04DF-45D8-9918-8B8D34A6B587}.Debug|Any CPU.ActiveCfg = Debug|Any CPU
		{FA7509F7-04DF-45D8-9918-8B8D34A6B587}.Debug|Any CPU.Build.0 = Debug|Any CPU
		{FA7509F7-04DF-45D8-9918-8B8D34A6B587}.Release|Any CPU.ActiveCfg = Release|Any CPU
		{FA7509F7-04DF-45D8-9918-8B8D34A6B587}.Release|Any CPU.Build.0 = Release|Any CPU
		{9449E4C7-65E4-4D94-8546-A4270CFD9757}.Debug|Any CPU.ActiveCfg = Debug|Any CPU
		{9449E4C7-65E4-4D94-8546-A4270CFD9757}.Debug|Any CPU.Build.0 = Debug|Any CPU
		{9449E4C7-65E4-4D94-8546-A4270CFD9757}.Release|Any CPU.ActiveCfg = Release|Any CPU
		{9449E4C7-65E4-4D94-8546-A4270CFD9757}.Release|Any CPU.Build.0 = Release|Any CPU
		{44FA9057-BEF6-450C-8519-0C35AC6D797D}.Debug|Any CPU.ActiveCfg = Debug|Any CPU
		{44FA9057-BEF6-450C-8519-0C35AC6D797D}.Debug|Any CPU.Build.0 = Debug|Any CPU
		{44FA9057-BEF6-450C-8519-0C35AC6D797D}.Release|Any CPU.ActiveCfg = Release|Any CPU
		{44FA9057-BEF6-450C-8519-0C35AC6D797D}.Release|Any CPU.Build.0 = Release|Any CPU
		{4D86A7A0-838A-4448-AA04-731F4E2D111C}.Debug|Any CPU.ActiveCfg = Debug|Any CPU
		{4D86A7A0-838A-4448-AA04-731F4E2D111C}.Debug|Any CPU.Build.0 = Debug|Any CPU
		{4D86A7A0-838A-4448-AA04-731F4E2D111C}.Release|Any CPU.ActiveCfg = Release|Any CPU
		{4D86A7A0-838A-4448-AA04-731F4E2D111C}.Release|Any CPU.Build.0 = Release|Any CPU
		{26A37BB7-A6E3-4342-9E8E-5C31A4822AEC}.Debug|Any CPU.ActiveCfg = Debug|Any CPU
		{26A37BB7-A6E3-4342-9E8E-5C31A4822AEC}.Debug|Any CPU.Build.0 = Debug|Any CPU
		{26A37BB7-A6E3-4342-9E8E-5C31A4822AEC}.Release|Any CPU.ActiveCfg = Release|Any CPU
		{26A37BB7-A6E3-4342-9E8E-5C31A4822AEC}.Release|Any CPU.Build.0 = Release|Any CPU
		{3B8F0D61-2A3C-452C-96B2-AD2DFB221691}.Debug|Any CPU.ActiveCfg = Debug|Any CPU
		{3B8F0D61-2A3C-452C-96B2-AD2DFB221691}.Debug|Any CPU.Build.0 = Debug|Any CPU
		{3B8F0D61-2A3C-452C-96B2-AD2DFB221691}.Release|Any CPU.ActiveCfg = Release|Any CPU
		{3B8F0D61-2A3C-452C-96B2-AD2DFB221691}.Release|Any CPU.Build.0 = Release|Any CPU
	EndGlobalSection
	GlobalSection(SolutionProperties) = preSolution
		HideSolutionNode = FALSE
	EndGlobalSection
EndGlobal
